Microsoft Visual Studio Solution File, Format Version 12.00
# Visual Studio Version 17
VisualStudioVersion = 17.0.31903.59
MinimumVisualStudioVersion = 10.0.40219.1
Project("{9A19103F-16F7-4668-BE54-9A1E7A4F7556}") = "ApiGateway", "ApiGateway.csproj", "{C146CE5E-9E07-49D9-8D30-A184F2C17E32}"
EndProject
Project("{9A19103F-16F7-4668-BE54-9A1E7A4F7556}") = "ApiGateway.Tests", "Tests\ApiGateway.Tests.csproj", "{95BD4E80-E002-4FE5-AB71-FA85AAD9FEC8}"
EndProject
Global
	GlobalSection(SolutionConfigurationPlatforms) = preSolution
		Debug|Any CPU = Debug|Any CPU
		Release|Any CPU = Release|Any CPU
	EndGlobalSection
	GlobalSection(ProjectConfigurationPlatforms) = postSolution
		{C146CE5E-9E07-49D9-8D30-A184F2C17E32}.Debug|Any CPU.ActiveCfg = Debug|Any CPU
		{C146CE5E-9E07-49D9-8D30-A184F2C17E32}.Debug|Any CPU.Build.0 = Debug|Any CPU
		{C146CE5E-9E07-49D9-8D30-A184F2C17E32}.Release|Any CPU.ActiveCfg = Release|Any CPU
		{C146CE5E-9E07-49D9-8D30-A184F2C17E32}.Release|Any CPU.Build.0 = Release|Any CPU
		{95BD4E80-E002-4FE5-AB71-FA85AAD9FEC8}.Debug|Any CPU.ActiveCfg = Debug|Any CPU
		{95BD4E80-E002-4FE5-AB71-FA85AAD9FEC8}.Debug|Any CPU.Build.0 = Debug|Any CPU
		{95BD4E80-E002-4FE5-AB71-FA85AAD9FEC8}.Release|Any CPU.ActiveCfg = Release|Any CPU
		{95BD4E80-E002-4FE5-AB71-FA85AAD9FEC8}.Release|Any CPU.Build.0 = Release|Any CPU
	EndGlobalSection
	GlobalSection(SolutionProperties) = preSolution
		HideSolutionNode = FALSE
	EndGlobalSection
EndGlobal